// !$*UTF8*$!
{
	archiveVersion = 1;
	classes = {
	};
	objectVersion = 48;
	objects = {

/* Begin PBXBuildFile section */
		33452A4820A6ABFD0078F186 /* AppDelegate.swift in Sources */ = {isa = PBXBuildFile; fileRef = 33452A4720A6ABFD0078F186 /* AppDelegate.swift */; };
		33452A4A20A6ABFD0078F186 /* ViewController.swift in Sources */ = {isa = PBXBuildFile; fileRef = 33452A4920A6ABFD0078F186 /* ViewController.swift */; };
		33452A4D20A6ABFD0078F186 /* Main.storyboard in Resources */ = {isa = PBXBuildFile; fileRef = 33452A4B20A6ABFD0078F186 /* Main.storyboard */; };
		33452A4F20A6ABFD0078F186 /* Assets.xcassets in Resources */ = {isa = PBXBuildFile; fileRef = 33452A4E20A6ABFD0078F186 /* Assets.xcassets */; };
		33452A5220A6ABFD0078F186 /* LaunchScreen.storyboard in Resources */ = {isa = PBXBuildFile; fileRef = 33452A5020A6ABFD0078F186 /* LaunchScreen.storyboard */; };
		33452A5D20A6ABFD0078F186 /* HOOQProjectTests.swift in Sources */ = {isa = PBXBuildFile; fileRef = 33452A5C20A6ABFD0078F186 /* HOOQProjectTests.swift */; };
		33452A6820A6ABFD0078F186 /* HOOQProjectUITests.swift in Sources */ = {isa = PBXBuildFile; fileRef = 33452A6720A6ABFD0078F186 /* HOOQProjectUITests.swift */; };
		33452A7820A6AE9F0078F186 /* Constants.swift in Sources */ = {isa = PBXBuildFile; fileRef = 33452A7720A6AE9F0078F186 /* Constants.swift */; };
		33452A7B20A6C88E0078F186 /* NowPlayingMovieJSON.swift in Sources */ = {isa = PBXBuildFile; fileRef = 33452A7A20A6C88E0078F186 /* NowPlayingMovieJSON.swift */; };
		33452A7D20A6D25E0078F186 /* SimilarMovieJSON.swift in Sources */ = {isa = PBXBuildFile; fileRef = 33452A7C20A6D25E0078F186 /* SimilarMovieJSON.swift */; };
		33452A7F20A6D2D70078F186 /* MovieJSON.swift in Sources */ = {isa = PBXBuildFile; fileRef = 33452A7E20A6D2D70078F186 /* MovieJSON.swift */; };
		33452A8220A6D63D0078F186 /* MovieTableViewCell.swift in Sources */ = {isa = PBXBuildFile; fileRef = 33452A8120A6D63D0078F186 /* MovieTableViewCell.swift */; };
		33452A8520A6D77A0078F186 /* NowPlayingTableViewController.swift in Sources */ = {isa = PBXBuildFile; fileRef = 33452A8420A6D77A0078F186 /* NowPlayingTableViewController.swift */; };
		33452A8720A6E2470078F186 /* MovieViewController.swift in Sources */ = {isa = PBXBuildFile; fileRef = 33452A8620A6E2470078F186 /* MovieViewController.swift */; };
		631A2A2CA26D2398335F4018 /* Pods_HOOQProjectTests.framework in Frameworks */ = {isa = PBXBuildFile; fileRef = 330D50B4EA3670E8E681680F /* Pods_HOOQProjectTests.framework */; };
		70AE5787BE694D5E2F8B5D4C /* Pods_HOOQProject.framework in Frameworks */ = {isa = PBXBuildFile; fileRef = 307E9127D294AFF70045812A /* Pods_HOOQProject.framework */; };
		C80D5B018AA4C7BEEA96831F /* Pods_HOOQProjectUITests.framework in Frameworks */ = {isa = PBXBuildFile; fileRef = 35C057AE70A44603273C41E0 /* Pods_HOOQProjectUITests.framework */; };
/* End PBXBuildFile section */

/* Begin PBXContainerItemProxy section */
		33452A5920A6ABFD0078F186 /* PBXContainerItemProxy */ = {
			isa = PBXContainerItemProxy;
			containerPortal = 33452A3C20A6ABFD0078F186 /* Project object */;
			proxyType = 1;
			remoteGlobalIDString = 33452A4320A6ABFD0078F186;
			remoteInfo = HOOQProject;
		};
		33452A6420A6ABFD0078F186 /* PBXContainerItemProxy */ = {
			isa = PBXContainerItemProxy;
			containerPortal = 33452A3C20A6ABFD0078F186 /* Project object */;
			proxyType = 1;
			remoteGlobalIDString = 33452A4320A6ABFD0078F186;
			remoteInfo = HOOQProject;
		};
/* End PBXContainerItemProxy section */

/* Begin PBXFileReference section */
		2B38FC9FEA0F5D6AD35B4D99 /* Pods-HOOQProjectTests.release.xcconfig */ = {isa = PBXFileReference; includeInIndex = 1; lastKnownFileType = text.xcconfig; name = "Pods-HOOQProjectTests.release.xcconfig"; path = "Pods/Target Support Files/Pods-HOOQProjectTests/Pods-HOOQProjectTests.release.xcconfig"; sourceTree = "<group>"; };
		307E9127D294AFF70045812A /* Pods_HOOQProject.framework */ = {isa = PBXFileReference; explicitFileType = wrapper.framework; includeInIndex = 0; path = Pods_HOOQProject.framework; sourceTree = BUILT_PRODUCTS_DIR; };
		330D50B4EA3670E8E681680F /* Pods_HOOQProjectTests.framework */ = {isa = PBXFileReference; explicitFileType = wrapper.framework; includeInIndex = 0; path = Pods_HOOQProjectTests.framework; sourceTree = BUILT_PRODUCTS_DIR; };
		33452A4420A6ABFD0078F186 /* HOOQProject.app */ = {isa = PBXFileReference; explicitFileType = wrapper.application; includeInIndex = 0; path = HOOQProject.app; sourceTree = BUILT_PRODUCTS_DIR; };
		33452A4720A6ABFD0078F186 /* AppDelegate.swift */ = {isa = PBXFileReference; lastKnownFileType = sourcecode.swift; path = AppDelegate.swift; sourceTree = "<group>"; };
		33452A4920A6ABFD0078F186 /* ViewController.swift */ = {isa = PBXFileReference; lastKnownFileType = sourcecode.swift; path = ViewController.swift; sourceTree = "<group>"; };
		33452A4C20A6ABFD0078F186 /* Base */ = {isa = PBXFileReference; lastKnownFileType = file.storyboard; name = Base; path = Base.lproj/Main.storyboard; sourceTree = "<group>"; };
		33452A4E20A6ABFD0078F186 /* Assets.xcassets */ = {isa = PBXFileReference; lastKnownFileType = folder.assetcatalog; path = Assets.xcassets; sourceTree = "<group>"; };
		33452A5120A6ABFD0078F186 /* Base */ = {isa = PBXFileReference; lastKnownFileType = file.storyboard; name = Base; path = Base.lproj/LaunchScreen.storyboard; sourceTree = "<group>"; };
		33452A5320A6ABFD0078F186 /* Info.plist */ = {isa = PBXFileReference; lastKnownFileType = text.plist.xml; path = Info.plist; sourceTree = "<group>"; };
		33452A5820A6ABFD0078F186 /* HOOQProjectTests.xctest */ = {isa = PBXFileReference; explicitFileType = wrapper.cfbundle; includeInIndex = 0; path = HOOQProjectTests.xctest; sourceTree = BUILT_PRODUCTS_DIR; };
		33452A5C20A6ABFD0078F186 /* HOOQProjectTests.swift */ = {isa = PBXFileReference; lastKnownFileType = sourcecode.swift; path = HOOQProjectTests.swift; sourceTree = "<group>"; };
		33452A5E20A6ABFD0078F186 /* Info.plist */ = {isa = PBXFileReference; lastKnownFileType = text.plist.xml; path = Info.plist; sourceTree = "<group>"; };
		33452A6320A6ABFD0078F186 /* HOOQProjectUITests.xctest */ = {isa = PBXFileReference; explicitFileType = wrapper.cfbundle; includeInIndex = 0; path = HOOQProjectUITests.xctest; sourceTree = BUILT_PRODUCTS_DIR; };
		33452A6720A6ABFD0078F186 /* HOOQProjectUITests.swift */ = {isa = PBXFileReference; lastKnownFileType = sourcecode.swift; path = HOOQProjectUITests.swift; sourceTree = "<group>"; };
		33452A6920A6ABFD0078F186 /* Info.plist */ = {isa = PBXFileReference; lastKnownFileType = text.plist.xml; path = Info.plist; sourceTree = "<group>"; };
		33452A7720A6AE9F0078F186 /* Constants.swift */ = {isa = PBXFileReference; lastKnownFileType = sourcecode.swift; path = Constants.swift; sourceTree = "<group>"; };
		33452A7A20A6C88E0078F186 /* NowPlayingMovieJSON.swift */ = {isa = PBXFileReference; lastKnownFileType = sourcecode.swift; path = NowPlayingMovieJSON.swift; sourceTree = "<group>"; };
		33452A7C20A6D25E0078F186 /* SimilarMovieJSON.swift */ = {isa = PBXFileReference; lastKnownFileType = sourcecode.swift; path = SimilarMovieJSON.swift; sourceTree = "<group>"; };
		33452A7E20A6D2D70078F186 /* MovieJSON.swift */ = {isa = PBXFileReference; lastKnownFileType = sourcecode.swift; path = MovieJSON.swift; sourceTree = "<group>"; };
		33452A8120A6D63D0078F186 /* MovieTableViewCell.swift */ = {isa = PBXFileReference; lastKnownFileType = sourcecode.swift; path = MovieTableViewCell.swift; sourceTree = "<group>"; };
		33452A8420A6D77A0078F186 /* NowPlayingTableViewController.swift */ = {isa = PBXFileReference; lastKnownFileType = sourcecode.swift; path = NowPlayingTableViewController.swift; sourceTree = "<group>"; };
		33452A8620A6E2470078F186 /* MovieViewController.swift */ = {isa = PBXFileReference; lastKnownFileType = sourcecode.swift; path = MovieViewController.swift; sourceTree = "<group>"; };
		35C057AE70A44603273C41E0 /* Pods_HOOQProjectUITests.framework */ = {isa = PBXFileReference; explicitFileType = wrapper.framework; includeInIndex = 0; path = Pods_HOOQProjectUITests.framework; sourceTree = BUILT_PRODUCTS_DIR; };
		7C31A5A29C5D909E9A074BE2 /* Pods-HOOQProjectUITests.release.xcconfig */ = {isa = PBXFileReference; includeInIndex = 1; lastKnownFileType = text.xcconfig; name = "Pods-HOOQProjectUITests.release.xcconfig"; path = "Pods/Target Support Files/Pods-HOOQProjectUITests/Pods-HOOQProjectUITests.release.xcconfig"; sourceTree = "<group>"; };
		AF31141EDDEE3BD2FC8238E2 /* Pods-HOOQProject.debug.xcconfig */ = {isa = PBXFileReference; includeInIndex = 1; lastKnownFileType = text.xcconfig; name = "Pods-HOOQProject.debug.xcconfig"; path = "Pods/Target Support Files/Pods-HOOQProject/Pods-HOOQProject.debug.xcconfig"; sourceTree = "<group>"; };
		B16476B649C4F64F8EA11E8D /* Pods-HOOQProjectUITests.debug.xcconfig */ = {isa = PBXFileReference; includeInIndex = 1; lastKnownFileType = text.xcconfig; name = "Pods-HOOQProjectUITests.debug.xcconfig"; path = "Pods/Target Support Files/Pods-HOOQProjectUITests/Pods-HOOQProjectUITests.debug.xcconfig"; sourceTree = "<group>"; };
		C8922F446871446CA005AB0F /* Pods-HOOQProject.release.xcconfig */ = {isa = PBXFileReference; includeInIndex = 1; lastKnownFileType = text.xcconfig; name = "Pods-HOOQProject.release.xcconfig"; path = "Pods/Target Support Files/Pods-HOOQProject/Pods-HOOQProject.release.xcconfig"; sourceTree = "<group>"; };
		F00B90BF3F3CD2E4B1B225BF /* Pods-HOOQProjectTests.debug.xcconfig */ = {isa = PBXFileReference; includeInIndex = 1; lastKnownFileType = text.xcconfig; name = "Pods-HOOQProjectTests.debug.xcconfig"; path = "Pods/Target Support Files/Pods-HOOQProjectTests/Pods-HOOQProjectTests.debug.xcconfig"; sourceTree = "<group>"; };
/* End PBXFileReference section */

/* Begin PBXFrameworksBuildPhase section */
		33452A4120A6ABFD0078F186 /* Frameworks */ = {
			isa = PBXFrameworksBuildPhase;
			buildActionMask = 2147483647;
			files = (
				70AE5787BE694D5E2F8B5D4C /* Pods_HOOQProject.framework in Frameworks */,
			);
			runOnlyForDeploymentPostprocessing = 0;
		};
		33452A5520A6ABFD0078F186 /* Frameworks */ = {
			isa = PBXFrameworksBuildPhase;
			buildActionMask = 2147483647;
			files = (
				631A2A2CA26D2398335F4018 /* Pods_HOOQProjectTests.framework in Frameworks */,
			);
			runOnlyForDeploymentPostprocessing = 0;
		};
		33452A6020A6ABFD0078F186 /* Frameworks */ = {
			isa = PBXFrameworksBuildPhase;
			buildActionMask = 2147483647;
			files = (
				C80D5B018AA4C7BEEA96831F /* Pods_HOOQProjectUITests.framework in Frameworks */,
			);
			runOnlyForDeploymentPostprocessing = 0;
		};
/* End PBXFrameworksBuildPhase section */

/* Begin PBXGroup section */
		278A2B26E8CCCEA07FA8ADCB /* Frameworks */ = {
			isa = PBXGroup;
			children = (
				307E9127D294AFF70045812A /* Pods_HOOQProject.framework */,
				330D50B4EA3670E8E681680F /* Pods_HOOQProjectTests.framework */,
				35C057AE70A44603273C41E0 /* Pods_HOOQProjectUITests.framework */,
			);
			name = Frameworks;
			sourceTree = "<group>";
		};
		33452A3B20A6ABFD0078F186 = {
			isa = PBXGroup;
			children = (
				33452A4620A6ABFD0078F186 /* HOOQProject */,
				33452A5B20A6ABFD0078F186 /* HOOQProjectTests */,
				33452A6620A6ABFD0078F186 /* HOOQProjectUITests */,
				33452A4520A6ABFD0078F186 /* Products */,
				4E77714524907E8E50BB62E5 /* Pods */,
				278A2B26E8CCCEA07FA8ADCB /* Frameworks */,
			);
			sourceTree = "<group>";
		};
		33452A4520A6ABFD0078F186 /* Products */ = {
			isa = PBXGroup;
			children = (
				33452A4420A6ABFD0078F186 /* HOOQProject.app */,
				33452A5820A6ABFD0078F186 /* HOOQProjectTests.xctest */,
				33452A6320A6ABFD0078F186 /* HOOQProjectUITests.xctest */,
			);
			name = Products;
			sourceTree = "<group>";
		};
		33452A4620A6ABFD0078F186 /* HOOQProject */ = {
			isa = PBXGroup;
			children = (
				33452A8320A6D75E0078F186 /* viewController */,
				33452A8020A6D48C0078F186 /* view */,
				33452A7920A6C8690078F186 /* model */,
				33452A7620A6AE870078F186 /* common */,
				33452A4720A6ABFD0078F186 /* AppDelegate.swift */,
				33452A4920A6ABFD0078F186 /* ViewController.swift */,
				33452A4E20A6ABFD0078F186 /* Assets.xcassets */,
				33452A5320A6ABFD0078F186 /* Info.plist */,
			);
			path = HOOQProject;
			sourceTree = "<group>";
		};
		33452A5B20A6ABFD0078F186 /* HOOQProjectTests */ = {
			isa = PBXGroup;
			children = (
				33452A5C20A6ABFD0078F186 /* HOOQProjectTests.swift */,
				33452A5E20A6ABFD0078F186 /* Info.plist */,
			);
			path = HOOQProjectTests;
			sourceTree = "<group>";
		};
		33452A6620A6ABFD0078F186 /* HOOQProjectUITests */ = {
			isa = PBXGroup;
			children = (
				33452A6720A6ABFD0078F186 /* HOOQProjectUITests.swift */,
				33452A6920A6ABFD0078F186 /* Info.plist */,
			);
			path = HOOQProjectUITests;
			sourceTree = "<group>";
		};
		33452A7620A6AE870078F186 /* common */ = {
			isa = PBXGroup;
			children = (
				33452A7720A6AE9F0078F186 /* Constants.swift */,
			);
			path = common;
			sourceTree = "<group>";
		};
		33452A7920A6C8690078F186 /* model */ = {
			isa = PBXGroup;
			children = (
				33452A7A20A6C88E0078F186 /* NowPlayingMovieJSON.swift */,
				33452A7C20A6D25E0078F186 /* SimilarMovieJSON.swift */,
				33452A7E20A6D2D70078F186 /* MovieJSON.swift */,
				33452A8120A6D63D0078F186 /* MovieTableViewCell.swift */,
			);
			path = model;
			sourceTree = "<group>";
		};
		33452A8020A6D48C0078F186 /* view */ = {
			isa = PBXGroup;
			children = (
				33452A4B20A6ABFD0078F186 /* Main.storyboard */,
				33452A5020A6ABFD0078F186 /* LaunchScreen.storyboard */,
			);
			path = view;
			sourceTree = "<group>";
		};
		33452A8320A6D75E0078F186 /* viewController */ = {
			isa = PBXGroup;
			children = (
				33452A8420A6D77A0078F186 /* NowPlayingTableViewController.swift */,
				33452A8620A6E2470078F186 /* MovieViewController.swift */,
			);
			path = viewController;
			sourceTree = "<group>";
		};
		4E77714524907E8E50BB62E5 /* Pods */ = {
			isa = PBXGroup;
			children = (
				AF31141EDDEE3BD2FC8238E2 /* Pods-HOOQProject.debug.xcconfig */,
				C8922F446871446CA005AB0F /* Pods-HOOQProject.release.xcconfig */,
				F00B90BF3F3CD2E4B1B225BF /* Pods-HOOQProjectTests.debug.xcconfig */,
				2B38FC9FEA0F5D6AD35B4D99 /* Pods-HOOQProjectTests.release.xcconfig */,
				B16476B649C4F64F8EA11E8D /* Pods-HOOQProjectUITests.debug.xcconfig */,
				7C31A5A29C5D909E9A074BE2 /* Pods-HOOQProjectUITests.release.xcconfig */,
			);
			name = Pods;
			sourceTree = "<group>";
		};
/* End PBXGroup section */

/* Begin PBXNativeTarget section */
		33452A4320A6ABFD0078F186 /* HOOQProject */ = {
			isa = PBXNativeTarget;
			buildConfigurationList = 33452A6C20A6ABFD0078F186 /* Build configuration list for PBXNativeTarget "HOOQProject" */;
			buildPhases = (
				E932DDFBC83408E87B7A0E1A /* [CP] Check Pods Manifest.lock */,
				33452A4020A6ABFD0078F186 /* Sources */,
				33452A4120A6ABFD0078F186 /* Frameworks */,
				33452A4220A6ABFD0078F186 /* Resources */,
				BB092FC8E84CFD58C321B98D /* [CP] Embed Pods Frameworks */,
			);
			buildRules = (
			);
			dependencies = (
			);
			name = HOOQProject;
			productName = HOOQProject;
			productReference = 33452A4420A6ABFD0078F186 /* HOOQProject.app */;
			productType = "com.apple.product-type.application";
		};
		33452A5720A6ABFD0078F186 /* HOOQProjectTests */ = {
			isa = PBXNativeTarget;
			buildConfigurationList = 33452A6F20A6ABFD0078F186 /* Build configuration list for PBXNativeTarget "HOOQProjectTests" */;
			buildPhases = (
				DEAA00751D50F6BDA9952902 /* [CP] Check Pods Manifest.lock */,
				33452A5420A6ABFD0078F186 /* Sources */,
				33452A5520A6ABFD0078F186 /* Frameworks */,
				33452A5620A6ABFD0078F186 /* Resources */,
			);
			buildRules = (
			);
			dependencies = (
				33452A5A20A6ABFD0078F186 /* PBXTargetDependency */,
			);
			name = HOOQProjectTests;
			productName = HOOQProjectTests;
			productReference = 33452A5820A6ABFD0078F186 /* HOOQProjectTests.xctest */;
			productType = "com.apple.product-type.bundle.unit-test";
		};
		33452A6220A6ABFD0078F186 /* HOOQProjectUITests */ = {
			isa = PBXNativeTarget;
			buildConfigurationList = 33452A7220A6ABFD0078F186 /* Build configuration list for PBXNativeTarget "HOOQProjectUITests" */;
			buildPhases = (
				CD6BC08CB1691AE5093825C8 /* [CP] Check Pods Manifest.lock */,
				33452A5F20A6ABFD0078F186 /* Sources */,
				33452A6020A6ABFD0078F186 /* Frameworks */,
				33452A6120A6ABFD0078F186 /* Resources */,
			);
			buildRules = (
			);
			dependencies = (
				33452A6520A6ABFD0078F186 /* PBXTargetDependency */,
			);
			name = HOOQProjectUITests;
			productName = HOOQProjectUITests;
			productReference = 33452A6320A6ABFD0078F186 /* HOOQProjectUITests.xctest */;
			productType = "com.apple.product-type.bundle.ui-testing";
		};
/* End PBXNativeTarget section */

/* Begin PBXProject section */
		33452A3C20A6ABFD0078F186 /* Project object */ = {
			isa = PBXProject;
			attributes = {
				LastSwiftUpdateCheck = 0920;
				LastUpgradeCheck = 0920;
				ORGANIZATIONNAME = com;
				TargetAttributes = {
					33452A4320A6ABFD0078F186 = {
						CreatedOnToolsVersion = 9.2;
						ProvisioningStyle = Automatic;
					};
					33452A5720A6ABFD0078F186 = {
						CreatedOnToolsVersion = 9.2;
						ProvisioningStyle = Automatic;
						TestTargetID = 33452A4320A6ABFD0078F186;
					};
					33452A6220A6ABFD0078F186 = {
						CreatedOnToolsVersion = 9.2;
						ProvisioningStyle = Automatic;
						TestTargetID = 33452A4320A6ABFD0078F186;
					};
				};
			};
			buildConfigurationList = 33452A3F20A6ABFD0078F186 /* Build configuration list for PBXProject "HOOQProject" */;
			compatibilityVersion = "Xcode 8.0";
			developmentRegion = en;
			hasScannedForEncodings = 0;
			knownRegions = (
				en,
				Base,
			);
			mainGroup = 33452A3B20A6ABFD0078F186;
			productRefGroup = 33452A4520A6ABFD0078F186 /* Products */;
			projectDirPath = "";
			projectRoot = "";
			targets = (
				33452A4320A6ABFD0078F186 /* HOOQProject */,
				33452A5720A6ABFD0078F186 /* HOOQProjectTests */,
				33452A6220A6ABFD0078F186 /* HOOQProjectUITests */,
			);
		};
/* End PBXProject section */

/* Begin PBXResourcesBuildPhase section */
		33452A4220A6ABFD0078F186 /* Resources */ = {
			isa = PBXResourcesBuildPhase;
			buildActionMask = 2147483647;
			files = (
				33452A5220A6ABFD0078F186 /* LaunchScreen.storyboard in Resources */,
				33452A4F20A6ABFD0078F186 /* Assets.xcassets in Resources */,
				33452A4D20A6ABFD0078F186 /* Main.storyboard in Resources */,
			);
			runOnlyForDeploymentPostprocessing = 0;
		};
		33452A5620A6ABFD0078F186 /* Resources */ = {
			isa = PBXResourcesBuildPhase;
			buildActionMask = 2147483647;
			files = (
			);
			runOnlyForDeploymentPostprocessing = 0;
		};
		33452A6120A6ABFD0078F186 /* Resources */ = {
			isa = PBXResourcesBuildPhase;
			buildActionMask = 2147483647;
			files = (
			);
			runOnlyForDeploymentPostprocessing = 0;
		};
/* End PBXResourcesBuildPhase section */

/* Begin PBXShellScriptBuildPhase section */
		BB092FC8E84CFD58C321B98D /* [CP] Embed Pods Frameworks */ = {
			isa = PBXShellScriptBuildPhase;
			buildActionMask = 2147483647;
			files = (
			);
			inputPaths = (
				"${SRCROOT}/Pods/Target Support Files/Pods-HOOQProject/Pods-HOOQProject-frameworks.sh",
				"${BUILT_PRODUCTS_DIR}/Alamofire/Alamofire.framework",
				"${BUILT_PRODUCTS_DIR}/JSONJoy-Swift/JSONJoy.framework",
				"${BUILT_PRODUCTS_DIR}/Kingfisher/Kingfisher.framework",
			);
			name = "[CP] Embed Pods Frameworks";
			outputPaths = (
				"${TARGET_BUILD_DIR}/${FRAMEWORKS_FOLDER_PATH}/Alamofire.framework",
				"${TARGET_BUILD_DIR}/${FRAMEWORKS_FOLDER_PATH}/JSONJoy.framework",
				"${TARGET_BUILD_DIR}/${FRAMEWORKS_FOLDER_PATH}/Kingfisher.framework",
			);
			runOnlyForDeploymentPostprocessing = 0;
			shellPath = /bin/sh;
			shellScript = "\"${SRCROOT}/Pods/Target Support Files/Pods-HOOQProject/Pods-HOOQProject-frameworks.sh\"\n";
			showEnvVarsInLog = 0;
		};
		CD6BC08CB1691AE5093825C8 /* [CP] Check Pods Manifest.lock */ = {
			isa = PBXShellScriptBuildPhase;
			buildActionMask = 2147483647;
			files = (
			);
			inputPaths = (
				"${PODS_PODFILE_DIR_PATH}/Podfile.lock",
				"${PODS_ROOT}/Manifest.lock",
			);
			name = "[CP] Check Pods Manifest.lock";
			outputPaths = (
				"$(DERIVED_FILE_DIR)/Pods-HOOQProjectUITests-checkManifestLockResult.txt",
			);
			runOnlyForDeploymentPostprocessing = 0;
			shellPath = /bin/sh;
			shellScript = "diff \"${PODS_PODFILE_DIR_PATH}/Podfile.lock\" \"${PODS_ROOT}/Manifest.lock\" > /dev/null\nif [ $? != 0 ] ; then\n    # print error to STDERR\n    echo \"error: The sandbox is not in sync with the Podfile.lock. Run 'pod install' or update your CocoaPods installation.\" >&2\n    exit 1\nfi\n# This output is used by Xcode 'outputs' to avoid re-running this script phase.\necho \"SUCCESS\" > \"${SCRIPT_OUTPUT_FILE_0}\"\n";
			showEnvVarsInLog = 0;
		};
		DEAA00751D50F6BDA9952902 /* [CP] Check Pods Manifest.lock */ = {
			isa = PBXShellScriptBuildPhase;
			buildActionMask = 2147483647;
			files = (
			);
			inputPaths = (
				"${PODS_PODFILE_DIR_PATH}/Podfile.lock",
				"${PODS_ROOT}/Manifest.lock",
			);
			name = "[CP] Check Pods Manifest.lock";
			outputPaths = (
				"$(DERIVED_FILE_DIR)/Pods-HOOQProjectTests-checkManifestLockResult.txt",
			);
			runOnlyForDeploymentPostprocessing = 0;
			shellPath = /bin/sh;
			shellScript = "diff \"${PODS_PODFILE_DIR_PATH}/Podfile.lock\" \"${PODS_ROOT}/Manifest.lock\" > /dev/null\nif [ $? != 0 ] ; then\n    # print error to STDERR\n    echo \"error: The sandbox is not in sync with the Podfile.lock. Run 'pod install' or update your CocoaPods installation.\" >&2\n    exit 1\nfi\n# This output is used by Xcode 'outputs' to avoid re-running this script phase.\necho \"SUCCESS\" > \"${SCRIPT_OUTPUT_FILE_0}\"\n";
			showEnvVarsInLog = 0;
		};
		E932DDFBC83408E87B7A0E1A /* [CP] Check Pods Manifest.lock */ = {
			isa = PBXShellScriptBuildPhase;
			buildActionMask = 2147483647;
			files = (
			);
			inputPaths = (
				"${PODS_PODFILE_DIR_PATH}/Podfile.lock",
				"${PODS_ROOT}/Manifest.lock",
			);
			name = "[CP] Check Pods Manifest.lock";
			outputPaths = (
				"$(DERIVED_FILE_DIR)/Pods-HOOQProject-checkManifestLockResult.txt",
			);
			runOnlyForDeploymentPostprocessing = 0;
			shellPath = /bin/sh;
			shellScript = "diff \"${PODS_PODFILE_DIR_PATH}/Podfile.lock\" \"${PODS_ROOT}/Manifest.lock\" > /dev/null\nif [ $? != 0 ] ; then\n    # print error to STDERR\n    echo \"error: The sandbox is not in sync with the Podfile.lock. Run 'pod install' or update your CocoaPods installation.\" >&2\n    exit 1\nfi\n# This output is used by Xcode 'outputs' to avoid re-running this script phase.\necho \"SUCCESS\" > \"${SCRIPT_OUTPUT_FILE_0}\"\n";
			showEnvVarsInLog = 0;
		};
/* End PBXShellScriptBuildPhase section */

/* Begin PBXSourcesBuildPhase section */
		33452A4020A6ABFD0078F186 /* Sources */ = {
			isa = PBXSourcesBuildPhase;
			buildActionMask = 2147483647;
			files = (
				33452A4A20A6ABFD0078F186 /* ViewController.swift in Sources */,
				33452A4820A6ABFD0078F186 /* AppDelegate.swift in Sources */,
				33452A8220A6D63D0078F186 /* MovieTableViewCell.swift in Sources */,
				33452A7F20A6D2D70078F186 /* MovieJSON.swift in Sources */,
				33452A7D20A6D25E0078F186 /* SimilarMovieJSON.swift in Sources */,
				33452A8720A6E2470078F186 /* MovieViewController.swift in Sources */,
				33452A8520A6D77A0078F186 /* NowPlayingTableViewController.swift in Sources */,
				33452A7B20A6C88E0078F186 /* NowPlayingMovieJSON.swift in Sources */,
				33452A7820A6AE9F0078F186 /* Constants.swift in Sources */,
			);
			runOnlyForDeploymentPostprocessing = 0;
		};
		33452A5420A6ABFD0078F186 /* Sources */ = {
			isa = PBXSourcesBuildPhase;
			buildActionMask = 2147483647;
			files = (
				33452A5D20A6ABFD0078F186 /* HOOQProjectTests.swift in Sources */,
			);
			runOnlyForDeploymentPostprocessing = 0;
		};
		33452A5F20A6ABFD0078F186 /* Sources */ = {
			isa = PBXSourcesBuildPhase;
			buildActionMask = 2147483647;
			files = (
				33452A6820A6ABFD0078F186 /* HOOQProjectUITests.swift in Sources */,
			);
			runOnlyForDeploymentPostprocessing = 0;
		};
/* End PBXSourcesBuildPhase section */

/* Begin PBXTargetDependency section */
		33452A5A20A6ABFD0078F186 /* PBXTargetDependency */ = {
			isa = PBXTargetDependency;
			target = 33452A4320A6ABFD0078F186 /* HOOQProject */;
			targetProxy = 33452A5920A6ABFD0078F186 /* PBXContainerItemProxy */;
		};
		33452A6520A6ABFD0078F186 /* PBXTargetDependency */ = {
			isa = PBXTargetDependency;
			target = 33452A4320A6ABFD0078F186 /* HOOQProject */;
			targetProxy = 33452A6420A6ABFD0078F186 /* PBXContainerItemProxy */;
		};
/* End PBXTargetDependency section */

/* Begin PBXVariantGroup section */
		33452A4B20A6ABFD0078F186 /* Main.storyboard */ = {
			isa = PBXVariantGroup;
			children = (
				33452A4C20A6ABFD0078F186 /* Base */,
			);
			name = Main.storyboard;
			sourceTree = "<group>";
		};
		33452A5020A6ABFD0078F186 /* LaunchScreen.storyboard */ = {
			isa = PBXVariantGroup;
			children = (
				33452A5120A6ABFD0078F186 /* Base */,
			);
			name = LaunchScreen.storyboard;
			sourceTree = "<group>";
		};
/* End PBXVariantGroup section */

/* Begin XCBuildConfiguration section */
		33452A6A20A6ABFD0078F186 /* Debug */ = {
			isa = XCBuildConfiguration;
			buildSettings = {
				ALWAYS_SEARCH_USER_PATHS = NO;
				CLANG_ANALYZER_NONNULL = YES;
				CLANG_ANALYZER_NUMBER_OBJECT_CONVERSION = YES_AGGRESSIVE;
				CLANG_CXX_LANGUAGE_STANDARD = "gnu++14";
				CLANG_CXX_LIBRARY = "libc++";
				CLANG_ENABLE_MODULES = YES;
				CLANG_ENABLE_OBJC_ARC = YES;
				CLANG_WARN_BLOCK_CAPTURE_AUTORELEASING = YES;
				CLANG_WARN_BOOL_CONVERSION = YES;
				CLANG_WARN_COMMA = YES;
				CLANG_WARN_CONSTANT_CONVERSION = YES;
				CLANG_WARN_DIRECT_OBJC_ISA_USAGE = YES_ERROR;
				CLANG_WARN_DOCUMENTATION_COMMENTS = YES;
				CLANG_WARN_EMPTY_BODY = YES;
				CLANG_WARN_ENUM_CONVERSION = YES;
				CLANG_WARN_INFINITE_RECURSION = YES;
				CLANG_WARN_INT_CONVERSION = YES;
				CLANG_WARN_NON_LITERAL_NULL_CONVERSION = YES;
				CLANG_WARN_OBJC_LITERAL_CONVERSION = YES;
				CLANG_WARN_OBJC_ROOT_CLASS = YES_ERROR;
				CLANG_WARN_RANGE_LOOP_ANALYSIS = YES;
				CLANG_WARN_STRICT_PROTOTYPES = YES;
				CLANG_WARN_SUSPICIOUS_MOVE = YES;
				CLANG_WARN_UNGUARDED_AVAILABILITY = YES_AGGRESSIVE;
				CLANG_WARN_UNREACHABLE_CODE = YES;
				CLANG_WARN__DUPLICATE_METHOD_MATCH = YES;
				CODE_SIGN_IDENTITY = "iPhone Developer";
				COPY_PHASE_STRIP = NO;
				DEBUG_INFORMATION_FORMAT = dwarf;
				ENABLE_STRICT_OBJC_MSGSEND = YES;
				ENABLE_TESTABILITY = YES;
				GCC_C_LANGUAGE_STANDARD = gnu11;
				GCC_DYNAMIC_NO_PIC = NO;
				GCC_NO_COMMON_BLOCKS = YES;
				GCC_OPTIMIZATION_LEVEL = 0;
				GCC_PREPROCESSOR_DEFINITIONS = (
					"DEBUG=1",
					"$(inherited)",
				);
				GCC_WARN_64_TO_32_BIT_CONVERSION = YES;
				GCC_WARN_ABOUT_RETURN_TYPE = YES_ERROR;
				GCC_WARN_UNDECLARED_SELECTOR = YES;
				GCC_WARN_UNINITIALIZED_AUTOS = YES_AGGRESSIVE;
				GCC_WARN_UNUSED_FUNCTION = YES;
				GCC_WARN_UNUSED_VARIABLE = YES;
				IPHONEOS_DEPLOYMENT_TARGET = 11.2;
				MTL_ENABLE_DEBUG_INFO = YES;
				ONLY_ACTIVE_ARCH = YES;
				SDKROOT = iphoneos;
				SWIFT_ACTIVE_COMPILATION_CONDITIONS = DEBUG;
				SWIFT_OPTIMIZATION_LEVEL = "-Onone";
			};
			name = Debug;
		};
		33452A6B20A6ABFD0078F186 /* Release */ = {
			isa = XCBuildConfiguration;
			buildSettings = {
				ALWAYS_SEARCH_USER_PATHS = NO;
				CLANG_ANALYZER_NONNULL = YES;
				CLANG_ANALYZER_NUMBER_OBJECT_CONVERSION = YES_AGGRESSIVE;
				CLANG_CXX_LANGUAGE_STANDARD = "gnu++14";
				CLANG_CXX_LIBRARY = "libc++";
				CLANG_ENABLE_MODULES = YES;
				CLANG_ENABLE_OBJC_ARC = YES;
				CLANG_WARN_BLOCK_CAPTURE_AUTORELEASING = YES;
				CLANG_WARN_BOOL_CONVERSION = YES;
				CLANG_WARN_COMMA = YES;
				CLANG_WARN_CONSTANT_CONVERSION = YES;
				CLANG_WARN_DIRECT_OBJC_ISA_USAGE = YES_ERROR;
				CLANG_WARN_DOCUMENTATION_COMMENTS = YES;
				CLANG_WARN_EMPTY_BODY = YES;
				CLANG_WARN_ENUM_CONVERSION = YES;
				CLANG_WARN_INFINITE_RECURSION = YES;
				CLANG_WARN_INT_CONVERSION = YES;
				CLANG_WARN_NON_LITERAL_NULL_CONVERSION = YES;
				CLANG_WARN_OBJC_LITERAL_CONVERSION = YES;
				CLANG_WARN_OBJC_ROOT_CLASS = YES_ERROR;
				CLANG_WARN_RANGE_LOOP_ANALYSIS = YES;
				CLANG_WARN_STRICT_PROTOTYPES = YES;
				CLANG_WARN_SUSPICIOUS_MOVE = YES;
				CLANG_WARN_UNGUARDED_AVAILABILITY = YES_AGGRESSIVE;
				CLANG_WARN_UNREACHABLE_CODE = YES;
				CLANG_WARN__DUPLICATE_METHOD_MATCH = YES;
				CODE_SIGN_IDENTITY = "iPhone Developer";
				COPY_PHASE_STRIP = NO;
				DEBUG_INFORMATION_FORMAT = "dwarf-with-dsym";
				ENABLE_NS_ASSERTIONS = NO;
				ENABLE_STRICT_OBJC_MSGSEND = YES;
				GCC_C_LANGUAGE_STANDARD = gnu11;
				GCC_NO_COMMON_BLOCKS = YES;
				GCC_WARN_64_TO_32_BIT_CONVERSION = YES;
				GCC_WARN_ABOUT_RETURN_TYPE = YES_ERROR;
				GCC_WARN_UNDECLARED_SELECTOR = YES;
				GCC_WARN_UNINITIALIZED_AUTOS = YES_AGGRESSIVE;
				GCC_WARN_UNUSED_FUNCTION = YES;
				GCC_WARN_UNUSED_VARIABLE = YES;
				IPHONEOS_DEPLOYMENT_TARGET = 11.2;
				MTL_ENABLE_DEBUG_INFO = NO;
				SDKROOT = iphoneos;
				SWIFT_OPTIMIZATION_LEVEL = "-Owholemodule";
				VALIDATE_PRODUCT = YES;
			};
			name = Release;
		};
		33452A6D20A6ABFD0078F186 /* Debug */ = {
			isa = XCBuildConfiguration;
			baseConfigurationReference = AF31141EDDEE3BD2FC8238E2 /* Pods-HOOQProject.debug.xcconfig */;
			buildSettings = {
				ASSETCATALOG_COMPILER_APPICON_NAME = AppIcon;
				CODE_SIGN_STYLE = Automatic;
				INFOPLIST_FILE = HOOQProject/Info.plist;
				LD_RUNPATH_SEARCH_PATHS = "$(inherited) @executable_path/Frameworks";
				PRODUCT_BUNDLE_IDENTIFIER = com.michlyte.HOOQProject;
				PRODUCT_NAME = "$(TARGET_NAME)";
				SWIFT_VERSION = 4.0;
				TARGETED_DEVICE_FAMILY = "1,2";
			};
			name = Debug;
		};
		33452A6E20A6ABFD0078F186 /* Release */ = {
			isa = XCBuildConfiguration;
			baseConfigurationReference = C8922F446871446CA005AB0F /* Pods-HOOQProject.release.xcconfig */;
			buildSettings = {
				ASSETCATALOG_COMPILER_APPICON_NAME = AppIcon;
				CODE_SIGN_STYLE = Automatic;
				INFOPLIST_FILE = HOOQProject/Info.plist;
				LD_RUNPATH_SEARCH_PATHS = "$(inherited) @executable_path/Frameworks";
				PRODUCT_BUNDLE_IDENTIFIER = com.michlyte.HOOQProject;
				PRODUCT_NAME = "$(TARGET_NAME)";
				SWIFT_VERSION = 4.0;
				TARGETED_DEVICE_FAMILY = "1,2";
			};
			name = Release;
		};
		33452A7020A6ABFD0078F186 /* Debug */ = {
			isa = XCBuildConfiguration;
			baseConfigurationReference = F00B90BF3F3CD2E4B1B225BF /* Pods-HOOQProjectTests.debug.xcconfig */;
			buildSettings = {
				ALWAYS_EMBED_SWIFT_STANDARD_LIBRARIES = YES;
				BUNDLE_LOADER = "$(TEST_HOST)";
				CODE_SIGN_STYLE = Automatic;
				INFOPLIST_FILE = HOOQProjectTests/Info.plist;
				LD_RUNPATH_SEARCH_PATHS = "$(inherited) @executable_path/Frameworks @loader_path/Frameworks";
				PRODUCT_BUNDLE_IDENTIFIER = com.michlyte.HOOQProjectTests;
				PRODUCT_NAME = "$(TARGET_NAME)";
				SWIFT_VERSION = 4.0;
				TARGETED_DEVICE_FAMILY = "1,2";
				TEST_HOST = "$(BUILT_PRODUCTS_DIR)/HOOQProject.app/HOOQProject";
			};
			name = Debug;
		};
		33452A7120A6ABFD0078F186 /* Release */ = {
			isa = XCBuildConfiguration;
			baseConfigurationReference = 2B38FC9FEA0F5D6AD35B4D99 /* Pods-HOOQProjectTests.release.xcconfig */;
			buildSettings = {
				ALWAYS_EMBED_SWIFT_STANDARD_LIBRARIES = YES;
				BUNDLE_LOADER = "$(TEST_HOST)";
				CODE_SIGN_STYLE = Automatic;
				INFOPLIST_FILE = HOOQProjectTests/Info.plist;
				LD_RUNPATH_SEARCH_PATHS = "$(inherited) @executable_path/Frameworks @loader_path/Frameworks";
				PRODUCT_BUNDLE_IDENTIFIER = com.michlyte.HOOQProjectTests;
				PRODUCT_NAME = "$(TARGET_NAME)";
				SWIFT_VERSION = 4.0;
				TARGETED_DEVICE_FAMILY = "1,2";
				TEST_HOST = "$(BUILT_PRODUCTS_DIR)/HOOQProject.app/HOOQProject";
			};
			name = Release;
		};
		33452A7320A6ABFD0078F186 /* Debug */ = {
			isa = XCBuildConfiguration;
			baseConfigurationReference = B16476B649C4F64F8EA11E8D /* Pods-HOOQProjectUITests.debug.xcconfig */;
			buildSettings = {
				ALWAYS_EMBED_SWIFT_STANDARD_LIBRARIES = YES;
				CODE_SIGN_STYLE = Automatic;
				INFOPLIST_FILE = HOOQProjectUITests/Info.plist;
				LD_RUNPATH_SEARCH_PATHS = "$(inherited) @executable_path/Frameworks @loader_path/Frameworks";
				PRODUCT_BUNDLE_IDENTIFIER = com.michlyte.HOOQProjectUITests;
				PRODUCT_NAME = "$(TARGET_NAME)";
				SWIFT_VERSION = 4.0;
				TARGETED_DEVICE_FAMILY = "1,2";
				TEST_TARGET_NAME = HOOQProject;
			};
			name = Debug;
		};
		33452A7420A6ABFD0078F186 /* Release */ = {
			isa = XCBuildConfiguration;
			baseConfigurationReference = 7C31A5A29C5D909E9A074BE2 /* Pods-HOOQProjectUITests.release.xcconfig */;
			buildSettings = {
				ALWAYS_EMBED_SWIFT_STANDARD_LIBRARIES = YES;
				CODE_SIGN_STYLE = Automatic;
				INFOPLIST_FILE = HOOQProjectUITests/Info.plist;
				LD_RUNPATH_SEARCH_PATHS = "$(inherited) @executable_path/Frameworks @loader_path/Frameworks";
				PRODUCT_BUNDLE_IDENTIFIER = com.michlyte.HOOQProjectUITests;
				PRODUCT_NAME = "$(TARGET_NAME)";
				SWIFT_VERSION = 4.0;
				TARGETED_DEVICE_FAMILY = "1,2";
				TEST_TARGET_NAME = HOOQProject;
			};
			name = Release;
		};
/* End XCBuildConfiguration section */

/* Begin XCConfigurationList section */
		33452A3F20A6ABFD0078F186 /* Build configuration list for PBXProject "HOOQProject" */ = {
			isa = XCConfigurationList;
			buildConfigurations = (
				33452A6A20A6ABFD0078F186 /* Debug */,
				33452A6B20A6ABFD0078F186 /* Release */,
			);
			defaultConfigurationIsVisible = 0;
			defaultConfigurationName = Release;
		};
		33452A6C20A6ABFD0078F186 /* Build configuration list for PBXNativeTarget "HOOQProject" */ = {
			isa = XCConfigurationList;
			buildConfigurations = (
				33452A6D20A6ABFD0078F186 /* Debug */,
				33452A6E20A6ABFD0078F186 /* Release */,
			);
			defaultConfigurationIsVisible = 0;
			defaultConfigurationName = Release;
		};
		33452A6F20A6ABFD0078F186 /* Build configuration list for PBXNativeTarget "HOOQProjectTests" */ = {
			isa = XCConfigurationList;
			buildConfigurations = (
				33452A7020A6ABFD0078F186 /* Debug */,
				33452A7120A6ABFD0078F186 /* Release */,
			);
			defaultConfigurationIsVisible = 0;
			defaultConfigurationName = Release;
		};
		33452A7220A6ABFD0078F186 /* Build configuration list for PBXNativeTarget "HOOQProjectUITests" */ = {
			isa = XCConfigurationList;
			buildConfigurations = (
				33452A7320A6ABFD0078F186 /* Debug */,
				33452A7420A6ABFD0078F186 /* Release */,
			);
			defaultConfigurationIsVisible = 0;
			defaultConfigurationName = Release;
		};
/* End XCConfigurationList section */
	};
	rootObject = 33452A3C20A6ABFD0078F186 /* Project object */;
}
